// !$*UTF8*$!
{
	archiveVersion = 1;
	classes = {
	};
	objectVersion = 48;
	objects = {

/* Begin PBXBuildFile section */
		18720D12204C5197007D0F0C /* AppDelegate.swift in Sources */ = {isa = PBXBuildFile; fileRef = 18720D11204C5197007D0F0C /* AppDelegate.swift */; };
		18720D14204C5197007D0F0C /* ViewController.swift in Sources */ = {isa = PBXBuildFile; fileRef = 18720D13204C5197007D0F0C /* ViewController.swift */; };
		18720D17204C5197007D0F0C /* Main.storyboard in Resources */ = {isa = PBXBuildFile; fileRef = 18720D15204C5197007D0F0C /* Main.storyboard */; };
		18720D19204C5197007D0F0C /* Assets.xcassets in Resources */ = {isa = PBXBuildFile; fileRef = 18720D18204C5197007D0F0C /* Assets.xcassets */; };
		18720D1C204C5197007D0F0C /* LaunchScreen.storyboard in Resources */ = {isa = PBXBuildFile; fileRef = 18720D1A204C5197007D0F0C /* LaunchScreen.storyboard */; };
		18720D27204C5198007D0F0C /* viperIOSExampleTests.swift in Sources */ = {isa = PBXBuildFile; fileRef = 18720D26204C5198007D0F0C /* viperIOSExampleTests.swift */; };
		18720D32204C5198007D0F0C /* viperIOSExampleUITests.swift in Sources */ = {isa = PBXBuildFile; fileRef = 18720D31204C5198007D0F0C /* viperIOSExampleUITests.swift */; };
/* End PBXBuildFile section */

/* Begin PBXContainerItemProxy section */
		18720D23204C5198007D0F0C /* PBXContainerItemProxy */ = {
			isa = PBXContainerItemProxy;
			containerPortal = 18720D06204C5197007D0F0C /* Project object */;
			proxyType = 1;
			remoteGlobalIDString = 18720D0D204C5197007D0F0C;
			remoteInfo = viperIOSExample;
		};
		18720D2E204C5198007D0F0C /* PBXContainerItemProxy */ = {
			isa = PBXContainerItemProxy;
			containerPortal = 18720D06204C5197007D0F0C /* Project object */;
			proxyType = 1;
			remoteGlobalIDString = 18720D0D204C5197007D0F0C;
			remoteInfo = viperIOSExample;
		};
/* End PBXContainerItemProxy section */

/* Begin PBXFileReference section */
		18720D0E204C5197007D0F0C /* viperIOSExample.app */ = {isa = PBXFileReference; explicitFileType = wrapper.application; includeInIndex = 0; path = viperIOSExample.app; sourceTree = BUILT_PRODUCTS_DIR; };
		18720D11204C5197007D0F0C /* AppDelegate.swift */ = {isa = PBXFileReference; lastKnownFileType = sourcecode.swift; path = AppDelegate.swift; sourceTree = "<group>"; };
		18720D13204C5197007D0F0C /* ViewController.swift */ = {isa = PBXFileReference; lastKnownFileType = sourcecode.swift; path = ViewController.swift; sourceTree = "<group>"; };
		18720D16204C5197007D0F0C /* Base */ = {isa = PBXFileReference; lastKnownFileType = file.storyboard; name = Base; path = Base.lproj/Main.storyboard; sourceTree = "<group>"; };
		18720D18204C5197007D0F0C /* Assets.xcassets */ = {isa = PBXFileReference; lastKnownFileType = folder.assetcatalog; path = Assets.xcassets; sourceTree = "<group>"; };
		18720D1B204C5197007D0F0C /* Base */ = {isa = PBXFileReference; lastKnownFileType = file.storyboard; name = Base; path = Base.lproj/LaunchScreen.storyboard; sourceTree = "<group>"; };
		18720D1D204C5197007D0F0C /* Info.plist */ = {isa = PBXFileReference; lastKnownFileType = text.plist.xml; path = Info.plist; sourceTree = "<group>"; };
		18720D22204C5198007D0F0C /* viperIOSExampleTests.xctest */ = {isa = PBXFileReference; explicitFileType = wrapper.cfbundle; includeInIndex = 0; path = viperIOSExampleTests.xctest; sourceTree = BUILT_PRODUCTS_DIR; };
		18720D26204C5198007D0F0C /* viperIOSExampleTests.swift */ = {isa = PBXFileReference; lastKnownFileType = sourcecode.swift; path = viperIOSExampleTests.swift; sourceTree = "<group>"; };
		18720D28204C5198007D0F0C /* Info.plist */ = {isa = PBXFileReference; lastKnownFileType = text.plist.xml; path = Info.plist; sourceTree = "<group>"; };
		18720D2D204C5198007D0F0C /* viperIOSExampleUITests.xctest */ = {isa = PBXFileReference; explicitFileType = wrapper.cfbundle; includeInIndex = 0; path = viperIOSExampleUITests.xctest; sourceTree = BUILT_PRODUCTS_DIR; };
		18720D31204C5198007D0F0C /* viperIOSExampleUITests.swift */ = {isa = PBXFileReference; lastKnownFileType = sourcecode.swift; path = viperIOSExampleUITests.swift; sourceTree = "<group>"; };
		18720D33204C5198007D0F0C /* Info.plist */ = {isa = PBXFileReference; lastKnownFileType = text.plist.xml; path = Info.plist; sourceTree = "<group>"; };
/* End PBXFileReference section */

/* Begin PBXFrameworksBuildPhase section */
		18720D0B204C5197007D0F0C /* Frameworks */ = {
			isa = PBXFrameworksBuildPhase;
			buildActionMask = 2147483647;
			files = (
			);
			runOnlyForDeploymentPostprocessing = 0;
		};
		18720D1F204C5198007D0F0C /* Frameworks */ = {
			isa = PBXFrameworksBuildPhase;
			buildActionMask = 2147483647;
			files = (
			);
			runOnlyForDeploymentPostprocessing = 0;
		};
		18720D2A204C5198007D0F0C /* Frameworks */ = {
			isa = PBXFrameworksBuildPhase;
			buildActionMask = 2147483647;
			files = (
			);
			runOnlyForDeploymentPostprocessing = 0;
		};
/* End PBXFrameworksBuildPhase section */

/* Begin PBXGroup section */
		18720D05204C5197007D0F0C = {
			isa = PBXGroup;
			children = (
				18720D10204C5197007D0F0C /* viperIOSExample */,
				18720D25204C5198007D0F0C /* viperIOSExampleTests */,
				18720D30204C5198007D0F0C /* viperIOSExampleUITests */,
				18720D0F204C5197007D0F0C /* Products */,
			);
			sourceTree = "<group>";
		};
		18720D0F204C5197007D0F0C /* Products */ = {
			isa = PBXGroup;
			children = (
				18720D0E204C5197007D0F0C /* viperIOSExample.app */,
				18720D22204C5198007D0F0C /* viperIOSExampleTests.xctest */,
				18720D2D204C5198007D0F0C /* viperIOSExampleUITests.xctest */,
			);
			name = Products;
			sourceTree = "<group>";
		};
		18720D10204C5197007D0F0C /* viperIOSExample */ = {
			isa = PBXGroup;
			children = (
				18720D11204C5197007D0F0C /* AppDelegate.swift */,
				18720D13204C5197007D0F0C /* ViewController.swift */,
				18720D15204C5197007D0F0C /* Main.storyboard */,
				18720D18204C5197007D0F0C /* Assets.xcassets */,
				18720D1A204C5197007D0F0C /* LaunchScreen.storyboard */,
				18720D1D204C5197007D0F0C /* Info.plist */,
			);
			path = viperIOSExample;
			sourceTree = "<group>";
		};
		18720D25204C5198007D0F0C /* viperIOSExampleTests */ = {
			isa = PBXGroup;
			children = (
				18720D26204C5198007D0F0C /* viperIOSExampleTests.swift */,
				18720D28204C5198007D0F0C /* Info.plist */,
			);
			path = viperIOSExampleTests;
			sourceTree = "<group>";
		};
		18720D30204C5198007D0F0C /* viperIOSExampleUITests */ = {
			isa = PBXGroup;
			children = (
				18720D31204C5198007D0F0C /* viperIOSExampleUITests.swift */,
				18720D33204C5198007D0F0C /* Info.plist */,
			);
			path = viperIOSExampleUITests;
			sourceTree = "<group>";
		};
/* End PBXGroup section */

/* Begin PBXNativeTarget section */
		18720D0D204C5197007D0F0C /* viperIOSExample */ = {
			isa = PBXNativeTarget;
			buildConfigurationList = 18720D36204C5198007D0F0C /* Build configuration list for PBXNativeTarget "viperIOSExample" */;
			buildPhases = (
				18720D0A204C5197007D0F0C /* Sources */,
				18720D0B204C5197007D0F0C /* Frameworks */,
				18720D0C204C5197007D0F0C /* Resources */,
			);
			buildRules = (
			);
			dependencies = (
			);
			name = viperIOSExample;
			productName = viperIOSExample;
			productReference = 18720D0E204C5197007D0F0C /* viperIOSExample.app */;
			productType = "com.apple.product-type.application";
		};
		18720D21204C5198007D0F0C /* viperIOSExampleTests */ = {
			isa = PBXNativeTarget;
			buildConfigurationList = 18720D39204C5198007D0F0C /* Build configuration list for PBXNativeTarget "viperIOSExampleTests" */;
			buildPhases = (
				18720D1E204C5198007D0F0C /* Sources */,
				18720D1F204C5198007D0F0C /* Frameworks */,
				18720D20204C5198007D0F0C /* Resources */,
			);
			buildRules = (
			);
			dependencies = (
				18720D24204C5198007D0F0C /* PBXTargetDependency */,
			);
			name = viperIOSExampleTests;
			productName = viperIOSExampleTests;
			productReference = 18720D22204C5198007D0F0C /* viperIOSExampleTests.xctest */;
			productType = "com.apple.product-type.bundle.unit-test";
		};
		18720D2C204C5198007D0F0C /* viperIOSExampleUITests */ = {
			isa = PBXNativeTarget;
			buildConfigurationList = 18720D3C204C5198007D0F0C /* Build configuration list for PBXNativeTarget "viperIOSExampleUITests" */;
			buildPhases = (
				18720D29204C5198007D0F0C /* Sources */,
				18720D2A204C5198007D0F0C /* Frameworks */,
				18720D2B204C5198007D0F0C /* Resources */,
			);
			buildRules = (
			);
			dependencies = (
				18720D2F204C5198007D0F0C /* PBXTargetDependency */,
			);
			name = viperIOSExampleUITests;
			productName = viperIOSExampleUITests;
			productReference = 18720D2D204C5198007D0F0C /* viperIOSExampleUITests.xctest */;
			productType = "com.apple.product-type.bundle.ui-testing";
		};
/* End PBXNativeTarget section */

/* Begin PBXProject section */
		18720D06204C5197007D0F0C /* Project object */ = {
			isa = PBXProject;
			attributes = {
				LastSwiftUpdateCheck = 0920;
				LastUpgradeCheck = 0920;
				ORGANIZATIONNAME = "Vinicius Ricci";
				TargetAttributes = {
					18720D0D204C5197007D0F0C = {
						CreatedOnToolsVersion = 9.2;
						ProvisioningStyle = Automatic;
					};
					18720D21204C5198007D0F0C = {
						CreatedOnToolsVersion = 9.2;
						ProvisioningStyle = Automatic;
						TestTargetID = 18720D0D204C5197007D0F0C;
					};
					18720D2C204C5198007D0F0C = {
						CreatedOnToolsVersion = 9.2;
						ProvisioningStyle = Automatic;
						TestTargetID = 18720D0D204C5197007D0F0C;
					};
				};
			};
			buildConfigurationList = 18720D09204C5197007D0F0C /* Build configuration list for PBXProject "viperIOSExample" */;
			compatibilityVersion = "Xcode 8.0";
			developmentRegion = en;
			hasScannedForEncodings = 0;
			knownRegions = (
				en,
				Base,
			);
			mainGroup = 18720D05204C5197007D0F0C;
			productRefGroup = 18720D0F204C5197007D0F0C /* Products */;
			projectDirPath = "";
			projectRoot = "";
			targets = (
				18720D0D204C5197007D0F0C /* viperIOSExample */,
				18720D21204C5198007D0F0C /* viperIOSExampleTests */,
				18720D2C204C5198007D0F0C /* viperIOSExampleUITests */,
			);
		};
/* End PBXProject section */

/* Begin PBXResourcesBuildPhase section */
		18720D0C204C5197007D0F0C /* Resources */ = {
			isa = PBXResourcesBuildPhase;
			buildActionMask = 2147483647;
			files = (
				18720D1C204C5197007D0F0C /* LaunchScreen.storyboard in Resources */,
				18720D19204C5197007D0F0C /* Assets.xcassets in Resources */,
				18720D17204C5197007D0F0C /* Main.storyboard in Resources */,
			);
			runOnlyForDeploymentPostprocessing = 0;
		};
		18720D20204C5198007D0F0C /* Resources */ = {
			isa = PBXResourcesBuildPhase;
			buildActionMask = 2147483647;
			files = (
			);
			runOnlyForDeploymentPostprocessing = 0;
		};
		18720D2B204C5198007D0F0C /* Resources */ = {
			isa = PBXResourcesBuildPhase;
			buildActionMask = 2147483647;
			files = (
			);
			runOnlyForDeploymentPostprocessing = 0;
		};
/* End PBXResourcesBuildPhase section */

/* Begin PBXSourcesBuildPhase section */
		18720D0A204C5197007D0F0C /* Sources */ = {
			isa = PBXSourcesBuildPhase;
			buildActionMask = 2147483647;
			files = (
				18720D14204C5197007D0F0C /* ViewController.swift in Sources */,
				18720D12204C5197007D0F0C /* AppDelegate.swift in Sources */,
			);
			runOnlyForDeploymentPostprocessing = 0;
		};
		18720D1E204C5198007D0F0C /* Sources */ = {
			isa = PBXSourcesBuildPhase;
			buildActionMask = 2147483647;
			files = (
				18720D27204C5198007D0F0C /* viperIOSExampleTests.swift in Sources */,
			);
			runOnlyForDeploymentPostprocessing = 0;
		};
		18720D29204C5198007D0F0C /* Sources */ = {
			isa = PBXSourcesBuildPhase;
			buildActionMask = 2147483647;
			files = (
				18720D32204C5198007D0F0C /* viperIOSExampleUITests.swift in Sources */,
			);
			runOnlyForDeploymentPostprocessing = 0;
		};
/* End PBXSourcesBuildPhase section */

/* Begin PBXTargetDependency section */
		18720D24204C5198007D0F0C /* PBXTargetDependency */ = {
			isa = PBXTargetDependency;
			target = 18720D0D204C5197007D0F0C /* viperIOSExample */;
			targetProxy = 18720D23204C5198007D0F0C /* PBXContainerItemProxy */;
		};
		18720D2F204C5198007D0F0C /* PBXTargetDependency */ = {
			isa = PBXTargetDependency;
			target = 18720D0D204C5197007D0F0C /* viperIOSExample */;
			targetProxy = 18720D2E204C5198007D0F0C /* PBXContainerItemProxy */;
		};
/* End PBXTargetDependency section */

/* Begin PBXVariantGroup section */
		18720D15204C5197007D0F0C /* Main.storyboard */ = {
			isa = PBXVariantGroup;
			children = (
				18720D16204C5197007D0F0C /* Base */,
			);
			name = Main.storyboard;
			sourceTree = "<group>";
		};
		18720D1A204C5197007D0F0C /* LaunchScreen.storyboard */ = {
			isa = PBXVariantGroup;
			children = (
				18720D1B204C5197007D0F0C /* Base */,
			);
			name = LaunchScreen.storyboard;
			sourceTree = "<group>";
		};
/* End PBXVariantGroup section */

/* Begin XCBuildConfiguration section */
		18720D34204C5198007D0F0C /* Debug */ = {
			isa = XCBuildConfiguration;
			buildSettings = {
				ALWAYS_SEARCH_USER_PATHS = NO;
				CLANG_ANALYZER_NONNULL = YES;
				CLANG_ANALYZER_NUMBER_OBJECT_CONVERSION = YES_AGGRESSIVE;
				CLANG_CXX_LANGUAGE_STANDARD = "gnu++14";
				CLANG_CXX_LIBRARY = "libc++";
				CLANG_ENABLE_MODULES = YES;
				CLANG_ENABLE_OBJC_ARC = YES;
				CLANG_WARN_BLOCK_CAPTURE_AUTORELEASING = YES;
				CLANG_WARN_BOOL_CONVERSION = YES;
				CLANG_WARN_COMMA = YES;
				CLANG_WARN_CONSTANT_CONVERSION = YES;
				CLANG_WARN_DIRECT_OBJC_ISA_USAGE = YES_ERROR;
				CLANG_WARN_DOCUMENTATION_COMMENTS = YES;
				CLANG_WARN_EMPTY_BODY = YES;
				CLANG_WARN_ENUM_CONVERSION = YES;
				CLANG_WARN_INFINITE_RECURSION = YES;
				CLANG_WARN_INT_CONVERSION = YES;
				CLANG_WARN_NON_LITERAL_NULL_CONVERSION = YES;
				CLANG_WARN_OBJC_LITERAL_CONVERSION = YES;
				CLANG_WARN_OBJC_ROOT_CLASS = YES_ERROR;
				CLANG_WARN_RANGE_LOOP_ANALYSIS = YES;
				CLANG_WARN_STRICT_PROTOTYPES = YES;
				CLANG_WARN_SUSPICIOUS_MOVE = YES;
				CLANG_WARN_UNGUARDED_AVAILABILITY = YES_AGGRESSIVE;
				CLANG_WARN_UNREACHABLE_CODE = YES;
				CLANG_WARN__DUPLICATE_METHOD_MATCH = YES;
				CODE_SIGN_IDENTITY = "iPhone Developer";
				COPY_PHASE_STRIP = NO;
				DEBUG_INFORMATION_FORMAT = dwarf;
				ENABLE_STRICT_OBJC_MSGSEND = YES;
				ENABLE_TESTABILITY = YES;
				GCC_C_LANGUAGE_STANDARD = gnu11;
				GCC_DYNAMIC_NO_PIC = NO;
				GCC_NO_COMMON_BLOCKS = YES;
				GCC_OPTIMIZATION_LEVEL = 0;
				GCC_PREPROCESSOR_DEFINITIONS = (
					"DEBUG=1",
					"$(inherited)",
				);
				GCC_WARN_64_TO_32_BIT_CONVERSION = YES;
				GCC_WARN_ABOUT_RETURN_TYPE = YES_ERROR;
				GCC_WARN_UNDECLARED_SELECTOR = YES;
				GCC_WARN_UNINITIALIZED_AUTOS = YES_AGGRESSIVE;
				GCC_WARN_UNUSED_FUNCTION = YES;
				GCC_WARN_UNUSED_VARIABLE = YES;
				IPHONEOS_DEPLOYMENT_TARGET = 11.2;
				MTL_ENABLE_DEBUG_INFO = YES;
				ONLY_ACTIVE_ARCH = YES;
				SDKROOT = iphoneos;
				SWIFT_ACTIVE_COMPILATION_CONDITIONS = DEBUG;
				SWIFT_OPTIMIZATION_LEVEL = "-Onone";
			};
			name = Debug;
		};
		18720D35204C5198007D0F0C /* Release */ = {
			isa = XCBuildConfiguration;
			buildSettings = {
				ALWAYS_SEARCH_USER_PATHS = NO;
				CLANG_ANALYZER_NONNULL = YES;
				CLANG_ANALYZER_NUMBER_OBJECT_CONVERSION = YES_AGGRESSIVE;
				CLANG_CXX_LANGUAGE_STANDARD = "gnu++14";
				CLANG_CXX_LIBRARY = "libc++";
				CLANG_ENABLE_MODULES = YES;
				CLANG_ENABLE_OBJC_ARC = YES;
				CLANG_WARN_BLOCK_CAPTURE_AUTORELEASING = YES;
				CLANG_WARN_BOOL_CONVERSION = YES;
				CLANG_WARN_COMMA = YES;
				CLANG_WARN_CONSTANT_CONVERSION = YES;
				CLANG_WARN_DIRECT_OBJC_ISA_USAGE = YES_ERROR;
				CLANG_WARN_DOCUMENTATION_COMMENTS = YES;
				CLANG_WARN_EMPTY_BODY = YES;
				CLANG_WARN_ENUM_CONVERSION = YES;
				CLANG_WARN_INFINITE_RECURSION = YES;
				CLANG_WARN_INT_CONVERSION = YES;
				CLANG_WARN_NON_LITERAL_NULL_CONVERSION = YES;
				CLANG_WARN_OBJC_LITERAL_CONVERSION = YES;
				CLANG_WARN_OBJC_ROOT_CLASS = YES_ERROR;
				CLANG_WARN_RANGE_LOOP_ANALYSIS = YES;
				CLANG_WARN_STRICT_PROTOTYPES = YES;
				CLANG_WARN_SUSPICIOUS_MOVE = YES;
				CLANG_WARN_UNGUARDED_AVAILABILITY = YES_AGGRESSIVE;
				CLANG_WARN_UNREACHABLE_CODE = YES;
				CLANG_WARN__DUPLICATE_METHOD_MATCH = YES;
				CODE_SIGN_IDENTITY = "iPhone Developer";
				COPY_PHASE_STRIP = NO;
				DEBUG_INFORMATION_FORMAT = "dwarf-with-dsym";
				ENABLE_NS_ASSERTIONS = NO;
				ENABLE_STRICT_OBJC_MSGSEND = YES;
				GCC_C_LANGUAGE_STANDARD = gnu11;
				GCC_NO_COMMON_BLOCKS = YES;
				GCC_WARN_64_TO_32_BIT_CONVERSION = YES;
				GCC_WARN_ABOUT_RETURN_TYPE = YES_ERROR;
				GCC_WARN_UNDECLARED_SELECTOR = YES;
				GCC_WARN_UNINITIALIZED_AUTOS = YES_AGGRESSIVE;
				GCC_WARN_UNUSED_FUNCTION = YES;
				GCC_WARN_UNUSED_VARIABLE = YES;
				IPHONEOS_DEPLOYMENT_TARGET = 11.2;
				MTL_ENABLE_DEBUG_INFO = NO;
				SDKROOT = iphoneos;
				SWIFT_OPTIMIZATION_LEVEL = "-Owholemodule";
				VALIDATE_PRODUCT = YES;
			};
			name = Release;
		};
		18720D37204C5198007D0F0C /* Debug */ = {
			isa = XCBuildConfiguration;
			buildSettings = {
				ASSETCATALOG_COMPILER_APPICON_NAME = AppIcon;
				CODE_SIGN_STYLE = Automatic;
				DEVELOPMENT_TEAM = 889286V7CX;
				INFOPLIST_FILE = viperIOSExample/Info.plist;
				LD_RUNPATH_SEARCH_PATHS = "$(inherited) @executable_path/Frameworks";
				PRODUCT_BUNDLE_IDENTIFIER = com.vsricci.viperIOSExample;
				PRODUCT_NAME = "$(TARGET_NAME)";
				SWIFT_VERSION = 4.0;
				TARGETED_DEVICE_FAMILY = "1,2";
			};
			name = Debug;
		};
		18720D38204C5198007D0F0C /* Release */ = {
			isa = XCBuildConfiguration;
			buildSettings = {
				ASSETCATALOG_COMPILER_APPICON_NAME = AppIcon;
				CODE_SIGN_STYLE = Automatic;
				DEVELOPMENT_TEAM = 889286V7CX;
				INFOPLIST_FILE = viperIOSExample/Info.plist;
				LD_RUNPATH_SEARCH_PATHS = "$(inherited) @executable_path/Frameworks";
				PRODUCT_BUNDLE_IDENTIFIER = com.vsricci.viperIOSExample;
				PRODUCT_NAME = "$(TARGET_NAME)";
				SWIFT_VERSION = 4.0;
				TARGETED_DEVICE_FAMILY = "1,2";
			};
			name = Release;
		};
		18720D3A204C5198007D0F0C /* Debug */ = {
			isa = XCBuildConfiguration;
			buildSettings = {
				ALWAYS_EMBED_SWIFT_STANDARD_LIBRARIES = YES;
				BUNDLE_LOADER = "$(TEST_HOST)";
				CODE_SIGN_STYLE = Automatic;
				DEVELOPMENT_TEAM = 889286V7CX;
				INFOPLIST_FILE = viperIOSExampleTests/Info.plist;
				LD_RUNPATH_SEARCH_PATHS = "$(inherited) @executable_path/Frameworks @loader_path/Frameworks";
				PRODUCT_BUNDLE_IDENTIFIER = com.vsricci.viperIOSExampleTests;
				PRODUCT_NAME = "$(TARGET_NAME)";
				SWIFT_VERSION = 4.0;
				TARGETED_DEVICE_FAMILY = "1,2";
				TEST_HOST = "$(BUILT_PRODUCTS_DIR)/viperIOSExample.app/viperIOSExample";
			};
			name = Debug;
		};
		18720D3B204C5198007D0F0C /* Release */ = {
			isa = XCBuildConfiguration;
			buildSettings = {
				ALWAYS_EMBED_SWIFT_STANDARD_LIBRARIES = YES;
				BUNDLE_LOADER = "$(TEST_HOST)";
				CODE_SIGN_STYLE = Automatic;
				DEVELOPMENT_TEAM = 889286V7CX;
				INFOPLIST_FILE = viperIOSExampleTests/Info.plist;
				LD_RUNPATH_SEARCH_PATHS = "$(inherited) @executable_path/Frameworks @loader_path/Frameworks";
				PRODUCT_BUNDLE_IDENTIFIER = com.vsricci.viperIOSExampleTests;
				PRODUCT_NAME = "$(TARGET_NAME)";
				SWIFT_VERSION = 4.0;
				TARGETED_DEVICE_FAMILY = "1,2";
				TEST_HOST = "$(BUILT_PRODUCTS_DIR)/viperIOSExample.app/viperIOSExample";
			};
			name = Release;
		};
		18720D3D204C5198007D0F0C /* Debug */ = {
			isa = XCBuildConfiguration;
			buildSettings = {
				ALWAYS_EMBED_SWIFT_STANDARD_LIBRARIES = YES;
				CODE_SIGN_STYLE = Automatic;
				DEVELOPMENT_TEAM = 889286V7CX;
				INFOPLIST_FILE = viperIOSExampleUITests/Info.plist;
				LD_RUNPATH_SEARCH_PATHS = "$(inherited) @executable_path/Frameworks @loader_path/Frameworks";
				PRODUCT_BUNDLE_IDENTIFIER = com.vsricci.viperIOSExampleUITests;
				PRODUCT_NAME = "$(TARGET_NAME)";
				SWIFT_VERSION = 4.0;
				TARGETED_DEVICE_FAMILY = "1,2";
				TEST_TARGET_NAME = viperIOSExample;
			};
			name = Debug;
		};
		18720D3E204C5198007D0F0C /* Release */ = {
			isa = XCBuildConfiguration;
			buildSettings = {
				ALWAYS_EMBED_SWIFT_STANDARD_LIBRARIES = YES;
				CODE_SIGN_STYLE = Automatic;
				DEVELOPMENT_TEAM = 889286V7CX;
				INFOPLIST_FILE = viperIOSExampleUITests/Info.plist;
				LD_RUNPATH_SEARCH_PATHS = "$(inherited) @executable_path/Frameworks @loader_path/Frameworks";
				PRODUCT_BUNDLE_IDENTIFIER = com.vsricci.viperIOSExampleUITests;
				PRODUCT_NAME = "$(TARGET_NAME)";
				SWIFT_VERSION = 4.0;
				TARGETED_DEVICE_FAMILY = "1,2";
				TEST_TARGET_NAME = viperIOSExample;
			};
			name = Release;
		};
/* End XCBuildConfiguration section */

/* Begin XCConfigurationList section */
		18720D09204C5197007D0F0C /* Build configuration list for PBXProject "viperIOSExample" */ = {
			isa = XCConfigurationList;
			buildConfigurations = (
				18720D34204C5198007D0F0C /* Debug */,
				18720D35204C5198007D0F0C /* Release */,
			);
			defaultConfigurationIsVisible = 0;
			defaultConfigurationName = Release;
		};
		18720D36204C5198007D0F0C /* Build configuration list for PBXNativeTarget "viperIOSExample" */ = {
			isa = XCConfigurationList;
			buildConfigurations = (
				18720D37204C5198007D0F0C /* Debug */,
				18720D38204C5198007D0F0C /* Release */,
			);
			defaultConfigurationIsVisible = 0;
			defaultConfigurationName = Release;
		};
		18720D39204C5198007D0F0C /* Build configuration list for PBXNativeTarget "viperIOSExampleTests" */ = {
			isa = XCConfigurationList;
			buildConfigurations = (
				18720D3A204C5198007D0F0C /* Debug */,
				18720D3B204C5198007D0F0C /* Release */,
			);
			defaultConfigurationIsVisible = 0;
			defaultConfigurationName = Release;
		};
		18720D3C204C5198007D0F0C /* Build configuration list for PBXNativeTarget "viperIOSExampleUITests" */ = {
			isa = XCConfigurationList;
			buildConfigurations = (
				18720D3D204C5198007D0F0C /* Debug */,
				18720D3E204C5198007D0F0C /* Release */,
			);
			defaultConfigurationIsVisible = 0;
			defaultConfigurationName = Release;
		};
/* End XCConfigurationList section */
	};
	rootObject = 18720D06204C5197007D0F0C /* Project object */;
}
